
Microsoft Visual Studio Solution File, Format Version 12.00
# Visual Studio Version 17
VisualStudioVersion = 17.5.002.0
MinimumVisualStudioVersion = 10.0.40219.1
Project("{9A19103F-16F7-4668-BE54-9A1E7A4F7556}") = "Unai.ExtendedBinaryWaterfall", "Unai.ExtendedBinaryWaterfall.csproj", "{A62F55CB-160E-49D6-BD67-E09A97E13736}"
EndProject
Project("{2150E333-8FDC-42A3-9474-1A3956D46DE8}") = "Solution Items", "Solution Items", "{8EC462FD-D22E-90A8-E5CE-7E832BA40C5D}"
	ProjectSection(SolutionItems) = preProject
		SDL2.dll = SDL2.dll
	EndProjectSection
EndProject
Global
	GlobalSection(SolutionConfigurationPlatforms) = preSolution
		Debug|Any CPU = Debug|Any CPU
		Release|Any CPU = Release|Any CPU
	EndGlobalSection
	GlobalSection(ProjectConfigurationPlatforms) = postSolution
		{A62F55CB-160E-49D6-BD67-E09A97E13736}.Debug|Any CPU.ActiveCfg = Debug|Any CPU
		{A62F55CB-160E-49D6-BD67-E09A97E13736}.Debug|Any CPU.Build.0 = Debug|Any CPU
		{A62F55CB-160E-49D6-BD67-E09A97E13736}.Release|Any CPU.ActiveCfg = Release|Any CPU
		{A62F55CB-160E-49D6-BD67-E09A97E13736}.Release|Any CPU.Build.0 = Release|Any CPU
	EndGlobalSection
	GlobalSection(SolutionProperties) = preSolution
		HideSolutionNode = FALSE
	EndGlobalSection
	GlobalSection(ExtensibilityGlobals) = postSolution
		SolutionGuid = {57D9CD7F-2CDB-4B09-BF06-6D491F7B2104}
	EndGlobalSection
EndGlobal
